{
  "name": "itpro",
  "version": "1.0.0",
  "lockfileVersion": 2,
  "requires": true,
  "packages": {
    "": {
      "name": "itpro",
      "version": "1.0.0",
      "license": "ISC",
      "dependencies": {
        "typeface-ubuntu": "^1.1.13"
      }
    },
    "node_modules/typeface-ubuntu": {
      "version": "1.1.13",
      "resolved": "https://registry.npmjs.org/typeface-ubuntu/-/typeface-ubuntu-1.1.13.tgz",
      "integrity": "sha512-Rg1WdJd8fXr2nKF4/UqFw4Y7IKhomEBI7z9ZEyRf0YRV6ue+OipamCNEIEyhXZlhymde0RQrWMmagbyeyOQwSA=="
    }
  },
  "dependencies": {
    "typeface-ubuntu": {
      "version": "1.1.13",
      "resolved": "https://registry.npmjs.org/typeface-ubuntu/-/typeface-ubuntu-1.1.13.tgz",
      "integrity": "sha512-Rg1WdJd8fXr2nKF4/UqFw4Y7IKhomEBI7z9ZEyRf0YRV6ue+OipamCNEIEyhXZlhymde0RQrWMmagbyeyOQwSA=="
    }
  }
}
